
Microsoft Visual Studio Solution File, Format Version 12.00
# Visual Studio Version 16
VisualStudioVersion = 16.0.30114.105
MinimumVisualStudioVersion = 10.0.40219.1
Project("{9A19103F-16F7-4668-BE54-9A1E7A4F7556}") = "Umschlag-Backend.API", "Umschlag-Backend.API\Umschlag-Backend.API.csproj", "{153442E4-E76A-4E6F-8A54-9B12588FD52A}"
EndProject
Project("{9A19103F-16F7-4668-BE54-9A1E7A4F7556}") = "Umschlag-Backend.Core", "Umschlag-Backend.Core\Umschlag-Backend.Core.csproj", "{CDF612EA-A523-40E3-944A-D7D1030F5E82}"
EndProject
Project("{9A19103F-16F7-4668-BE54-9A1E7A4F7556}") = "Umschlag-Backend.Data", "Umschlag-Backend.Data\Umschlag-Backend.Data.csproj", "{C860A5FB-ABA5-4ABC-A8C3-8DD9FBED89EF}"
EndProject
Project("{9A19103F-16F7-4668-BE54-9A1E7A4F7556}") = "Umschlag-Backend.Service", "Umschlag-Backend.Service\Umschlag-Backend.Service.csproj", "{6C9C2B6A-2D2E-4910-89EC-6A8EA3CEF618}"
EndProject
Project("{9A19103F-16F7-4668-BE54-9A1E7A4F7556}") = "Umschlag-Backend.Exception", "Umschlag-Backend.Exception\Umschlag-Backend.Exception.csproj", "{6FFFD314-A19B-48BD-B3C8-8CD81976A076}"
EndProject
Project("{FAE04EC0-301F-11D3-BF4B-00C04F79EFBC}") = "Umschlag.Web", "Umschlag.Web\Umschlag.Web.csproj", "{AF4F0927-D3A3-49DF-B971-750A668DD457}"
EndProject
Global
	GlobalSection(SolutionConfigurationPlatforms) = preSolution
		Debug|Any CPU = Debug|Any CPU
		Debug|x64 = Debug|x64
		Debug|x86 = Debug|x86
		Release|Any CPU = Release|Any CPU
		Release|x64 = Release|x64
		Release|x86 = Release|x86
	EndGlobalSection
	GlobalSection(ProjectConfigurationPlatforms) = postSolution
		{153442E4-E76A-4E6F-8A54-9B12588FD52A}.Debug|Any CPU.ActiveCfg = Debug|Any CPU
		{153442E4-E76A-4E6F-8A54-9B12588FD52A}.Debug|Any CPU.Build.0 = Debug|Any CPU
		{153442E4-E76A-4E6F-8A54-9B12588FD52A}.Debug|x64.ActiveCfg = Debug|Any CPU
		{153442E4-E76A-4E6F-8A54-9B12588FD52A}.Debug|x64.Build.0 = Debug|Any CPU
		{153442E4-E76A-4E6F-8A54-9B12588FD52A}.Debug|x86.ActiveCfg = Debug|Any CPU
		{153442E4-E76A-4E6F-8A54-9B12588FD52A}.Debug|x86.Build.0 = Debug|Any CPU
		{153442E4-E76A-4E6F-8A54-9B12588FD52A}.Release|Any CPU.ActiveCfg = Release|Any CPU
		{153442E4-E76A-4E6F-8A54-9B12588FD52A}.Release|Any CPU.Build.0 = Release|Any CPU
		{153442E4-E76A-4E6F-8A54-9B12588FD52A}.Release|x64.ActiveCfg = Release|Any CPU
		{153442E4-E76A-4E6F-8A54-9B12588FD52A}.Release|x64.Build.0 = Release|Any CPU
		{153442E4-E76A-4E6F-8A54-9B12588FD52A}.Release|x86.ActiveCfg = Release|Any CPU
		{153442E4-E76A-4E6F-8A54-9B12588FD52A}.Release|x86.Build.0 = Release|Any CPU
		{CDF612EA-A523-40E3-944A-D7D1030F5E82}.Debug|Any CPU.ActiveCfg = Debug|Any CPU
		{CDF612EA-A523-40E3-944A-D7D1030F5E82}.Debug|Any CPU.Build.0 = Debug|Any CPU
		{CDF612EA-A523-40E3-944A-D7D1030F5E82}.Debug|x64.ActiveCfg = Debug|Any CPU
		{CDF612EA-A523-40E3-944A-D7D1030F5E82}.Debug|x64.Build.0 = Debug|Any CPU
		{CDF612EA-A523-40E3-944A-D7D1030F5E82}.Debug|x86.ActiveCfg = Debug|Any CPU
		{CDF612EA-A523-40E3-944A-D7D1030F5E82}.Debug|x86.Build.0 = Debug|Any CPU
		{CDF612EA-A523-40E3-944A-D7D1030F5E82}.Release|Any CPU.ActiveCfg = Release|Any CPU
		{CDF612EA-A523-40E3-944A-D7D1030F5E82}.Release|Any CPU.Build.0 = Release|Any CPU
		{CDF612EA-A523-40E3-944A-D7D1030F5E82}.Release|x64.ActiveCfg = Release|Any CPU
		{CDF612EA-A523-40E3-944A-D7D1030F5E82}.Release|x64.Build.0 = Release|Any CPU
		{CDF612EA-A523-40E3-944A-D7D1030F5E82}.Release|x86.ActiveCfg = Release|Any CPU
		{CDF612EA-A523-40E3-944A-D7D1030F5E82}.Release|x86.Build.0 = Release|Any CPU
		{C860A5FB-ABA5-4ABC-A8C3-8DD9FBED89EF}.Debug|Any CPU.ActiveCfg = Debug|Any CPU
		{C860A5FB-ABA5-4ABC-A8C3-8DD9FBED89EF}.Debug|Any CPU.Build.0 = Debug|Any CPU
		{C860A5FB-ABA5-4ABC-A8C3-8DD9FBED89EF}.Debug|x64.ActiveCfg = Debug|Any CPU
		{C860A5FB-ABA5-4ABC-A8C3-8DD9FBED89EF}.Debug|x64.Build.0 = Debug|Any CPU
		{C860A5FB-ABA5-4ABC-A8C3-8DD9FBED89EF}.Debug|x86.ActiveCfg = Debug|Any CPU
		{C860A5FB-ABA5-4ABC-A8C3-8DD9FBED89EF}.Debug|x86.Build.0 = Debug|Any CPU
		{C860A5FB-ABA5-4ABC-A8C3-8DD9FBED89EF}.Release|Any CPU.ActiveCfg = Release|Any CPU
		{C860A5FB-ABA5-4ABC-A8C3-8DD9FBED89EF}.Release|Any CPU.Build.0 = Release|Any CPU
		{C860A5FB-ABA5-4ABC-A8C3-8DD9FBED89EF}.Release|x64.ActiveCfg = Release|Any CPU
		{C860A5FB-ABA5-4ABC-A8C3-8DD9FBED89EF}.Release|x64.Build.0 = Release|Any CPU
		{C860A5FB-ABA5-4ABC-A8C3-8DD9FBED89EF}.Release|x86.ActiveCfg = Release|Any CPU
		{C860A5FB-ABA5-4ABC-A8C3-8DD9FBED89EF}.Release|x86.Build.0 = Release|Any CPU
		{6C9C2B6A-2D2E-4910-89EC-6A8EA3CEF618}.Debug|Any CPU.ActiveCfg = Debug|Any CPU
		{6C9C2B6A-2D2E-4910-89EC-6A8EA3CEF618}.Debug|Any CPU.Build.0 = Debug|Any CPU
		{6C9C2B6A-2D2E-4910-89EC-6A8EA3CEF618}.Debug|x64.ActiveCfg = Debug|Any CPU
		{6C9C2B6A-2D2E-4910-89EC-6A8EA3CEF618}.Debug|x64.Build.0 = Debug|Any CPU
		{6C9C2B6A-2D2E-4910-89EC-6A8EA3CEF618}.Debug|x86.ActiveCfg = Debug|Any CPU
		{6C9C2B6A-2D2E-4910-89EC-6A8EA3CEF618}.Debug|x86.Build.0 = Debug|Any CPU
		{6C9C2B6A-2D2E-4910-89EC-6A8EA3CEF618}.Release|Any CPU.ActiveCfg = Release|Any CPU
		{6C9C2B6A-2D2E-4910-89EC-6A8EA3CEF618}.Release|Any CPU.Build.0 = Release|Any CPU
		{6C9C2B6A-2D2E-4910-89EC-6A8EA3CEF618}.Release|x64.ActiveCfg = Release|Any CPU
		{6C9C2B6A-2D2E-4910-89EC-6A8EA3CEF618}.Release|x64.Build.0 = Release|Any CPU
		{6C9C2B6A-2D2E-4910-89EC-6A8EA3CEF618}.Release|x86.ActiveCfg = Release|Any CPU
		{6C9C2B6A-2D2E-4910-89EC-6A8EA3CEF618}.Release|x86.Build.0 = Release|Any CPU
		{6FFFD314-A19B-48BD-B3C8-8CD81976A076}.Debug|Any CPU.ActiveCfg = Debug|Any CPU
		{6FFFD314-A19B-48BD-B3C8-8CD81976A076}.Debug|Any CPU.Build.0 = Debug|Any CPU
		{6FFFD314-A19B-48BD-B3C8-8CD81976A076}.Debug|x64.ActiveCfg = Debug|Any CPU
		{6FFFD314-A19B-48BD-B3C8-8CD81976A076}.Debug|x64.Build.0 = Debug|Any CPU
		{6FFFD314-A19B-48BD-B3C8-8CD81976A076}.Debug|x86.ActiveCfg = Debug|Any CPU
		{6FFFD314-A19B-48BD-B3C8-8CD81976A076}.Debug|x86.Build.0 = Debug|Any CPU
		{6FFFD314-A19B-48BD-B3C8-8CD81976A076}.Release|Any CPU.ActiveCfg = Release|Any CPU
		{6FFFD314-A19B-48BD-B3C8-8CD81976A076}.Release|Any CPU.Build.0 = Release|Any CPU
		{6FFFD314-A19B-48BD-B3C8-8CD81976A076}.Release|x64.ActiveCfg = Release|Any CPU
		{6FFFD314-A19B-48BD-B3C8-8CD81976A076}.Release|x64.Build.0 = Release|Any CPU
		{6FFFD314-A19B-48BD-B3C8-8CD81976A076}.Release|x86.ActiveCfg = Release|Any CPU
		{6FFFD314-A19B-48BD-B3C8-8CD81976A076}.Release|x86.Build.0 = Release|Any CPU
		{AF4F0927-D3A3-49DF-B971-750A668DD457}.Debug|Any CPU.ActiveCfg = Debug|Any CPU
		{AF4F0927-D3A3-49DF-B971-750A668DD457}.Debug|Any CPU.Build.0 = Debug|Any CPU
		{AF4F0927-D3A3-49DF-B971-750A668DD457}.Debug|x64.ActiveCfg = Debug|Any CPU
		{AF4F0927-D3A3-49DF-B971-750A668DD457}.Debug|x64.Build.0 = Debug|Any CPU
		{AF4F0927-D3A3-49DF-B971-750A668DD457}.Debug|x86.ActiveCfg = Debug|Any CPU
		{AF4F0927-D3A3-49DF-B971-750A668DD457}.Debug|x86.Build.0 = Debug|Any CPU
		{AF4F0927-D3A3-49DF-B971-750A668DD457}.Release|Any CPU.ActiveCfg = Release|Any CPU
		{AF4F0927-D3A3-49DF-B971-750A668DD457}.Release|Any CPU.Build.0 = Release|Any CPU
		{AF4F0927-D3A3-49DF-B971-750A668DD457}.Release|x64.ActiveCfg = Release|Any CPU
		{AF4F0927-D3A3-49DF-B971-750A668DD457}.Release|x64.Build.0 = Release|Any CPU
		{AF4F0927-D3A3-49DF-B971-750A668DD457}.Release|x86.ActiveCfg = Release|Any CPU
		{AF4F0927-D3A3-49DF-B971-750A668DD457}.Release|x86.Build.0 = Release|Any CPU
	EndGlobalSection
	GlobalSection(SolutionProperties) = preSolution
		HideSolutionNode = FALSE
	EndGlobalSection
	GlobalSection(ExtensibilityGlobals) = postSolution
		SolutionGuid = {E396C7B9-D00D-4039-B864-B2FAD7BF7F9F}
	EndGlobalSection
EndGlobal
